// !$*UTF8*$!
{
	archiveVersion = 1;
	classes = {
	};
	objectVersion = 50;
	objects = {

/* Begin PBXBuildFile section */
		A29C56512591BC2700A6CB42 /* AppDelegate.swift in Sources */ = {isa = PBXBuildFile; fileRef = A29C56502591BC2700A6CB42 /* AppDelegate.swift */; };
		A29C56532591BC2700A6CB42 /* SceneDelegate.swift in Sources */ = {isa = PBXBuildFile; fileRef = A29C56522591BC2700A6CB42 /* SceneDelegate.swift */; };
		A29C56552591BC2700A6CB42 /* ViewController.swift in Sources */ = {isa = PBXBuildFile; fileRef = A29C56542591BC2700A6CB42 /* ViewController.swift */; };
		A29C56582591BC2700A6CB42 /* Main.storyboard in Resources */ = {isa = PBXBuildFile; fileRef = A29C56562591BC2700A6CB42 /* Main.storyboard */; };
		A29C565A2591BC2900A6CB42 /* Assets.xcassets in Resources */ = {isa = PBXBuildFile; fileRef = A29C56592591BC2900A6CB42 /* Assets.xcassets */; };
		A29C565D2591BC2900A6CB42 /* LaunchScreen.storyboard in Resources */ = {isa = PBXBuildFile; fileRef = A29C565B2591BC2900A6CB42 /* LaunchScreen.storyboard */; };
		A29C566B2591C79400A6CB42 /* model.swift in Sources */ = {isa = PBXBuildFile; fileRef = A29C566A2591C79400A6CB42 /* model.swift */; };
/* End PBXBuildFile section */

/* Begin PBXFileReference section */
		A29C564D2591BC2700A6CB42 /* concentrate.app */ = {isa = PBXFileReference; explicitFileType = wrapper.application; includeInIndex = 0; path = concentrate.app; sourceTree = BUILT_PRODUCTS_DIR; };
		A29C56502591BC2700A6CB42 /* AppDelegate.swift */ = {isa = PBXFileReference; lastKnownFileType = sourcecode.swift; path = AppDelegate.swift; sourceTree = "<group>"; };
		A29C56522591BC2700A6CB42 /* SceneDelegate.swift */ = {isa = PBXFileReference; lastKnownFileType = sourcecode.swift; path = SceneDelegate.swift; sourceTree = "<group>"; };
		A29C56542591BC2700A6CB42 /* ViewController.swift */ = {isa = PBXFileReference; lastKnownFileType = sourcecode.swift; path = ViewController.swift; sourceTree = "<group>"; };
		A29C56572591BC2700A6CB42 /* Base */ = {isa = PBXFileReference; lastKnownFileType = file.storyboard; name = Base; path = Base.lproj/Main.storyboard; sourceTree = "<group>"; };
		A29C56592591BC2900A6CB42 /* Assets.xcassets */ = {isa = PBXFileReference; lastKnownFileType = folder.assetcatalog; path = Assets.xcassets; sourceTree = "<group>"; };
		A29C565C2591BC2900A6CB42 /* Base */ = {isa = PBXFileReference; lastKnownFileType = file.storyboard; name = Base; path = Base.lproj/LaunchScreen.storyboard; sourceTree = "<group>"; };
		A29C565E2591BC2900A6CB42 /* Info.plist */ = {isa = PBXFileReference; lastKnownFileType = text.plist.xml; path = Info.plist; sourceTree = "<group>"; };
		A29C566A2591C79400A6CB42 /* model.swift */ = {isa = PBXFileReference; lastKnownFileType = sourcecode.swift; path = model.swift; sourceTree = "<group>"; };
/* End PBXFileReference section */

/* Begin PBXFrameworksBuildPhase section */
		A29C564A2591BC2700A6CB42 /* Frameworks */ = {
			isa = PBXFrameworksBuildPhase;
			buildActionMask = 2147483647;
			files = (
			);
			runOnlyForDeploymentPostprocessing = 0;
		};
/* End PBXFrameworksBuildPhase section */

/* Begin PBXGroup section */
		A29C56442591BC2700A6CB42 = {
			isa = PBXGroup;
			children = (
				A29C564F2591BC2700A6CB42 /* concentrate */,
				A29C564E2591BC2700A6CB42 /* Products */,
			);
			sourceTree = "<group>";
		};
		A29C564E2591BC2700A6CB42 /* Products */ = {
			isa = PBXGroup;
			children = (
				A29C564D2591BC2700A6CB42 /* concentrate.app */,
			);
			name = Products;
			sourceTree = "<group>";
		};
		A29C564F2591BC2700A6CB42 /* concentrate */ = {
			isa = PBXGroup;
			children = (
				A29C56502591BC2700A6CB42 /* AppDelegate.swift */,
				A29C56522591BC2700A6CB42 /* SceneDelegate.swift */,
				A29C56542591BC2700A6CB42 /* ViewController.swift */,
				A29C566A2591C79400A6CB42 /* model.swift */,
				A29C56562591BC2700A6CB42 /* Main.storyboard */,
				A29C56592591BC2900A6CB42 /* Assets.xcassets */,
				A29C565B2591BC2900A6CB42 /* LaunchScreen.storyboard */,
				A29C565E2591BC2900A6CB42 /* Info.plist */,
			);
			path = concentrate;
			sourceTree = "<group>";
		};
/* End PBXGroup section */

/* Begin PBXNativeTarget section */
		A29C564C2591BC2700A6CB42 /* concentrate */ = {
			isa = PBXNativeTarget;
			buildConfigurationList = A29C56612591BC2900A6CB42 /* Build configuration list for PBXNativeTarget "concentrate" */;
			buildPhases = (
				A29C56492591BC2700A6CB42 /* Sources */,
				A29C564A2591BC2700A6CB42 /* Frameworks */,
				A29C564B2591BC2700A6CB42 /* Resources */,
			);
			buildRules = (
			);
			dependencies = (
			);
			name = concentrate;
			productName = concentrate;
			productReference = A29C564D2591BC2700A6CB42 /* concentrate.app */;
			productType = "com.apple.product-type.application";
		};
/* End PBXNativeTarget section */

/* Begin PBXProject section */
		A29C56452591BC2700A6CB42 /* Project object */ = {
			isa = PBXProject;
			attributes = {
				LastSwiftUpdateCheck = 1230;
				LastUpgradeCheck = 1230;
				TargetAttributes = {
					A29C564C2591BC2700A6CB42 = {
						CreatedOnToolsVersion = 12.3;
					};
				};
			};
			buildConfigurationList = A29C56482591BC2700A6CB42 /* Build configuration list for PBXProject "concentrate" */;
			compatibilityVersion = "Xcode 9.3";
			developmentRegion = en;
			hasScannedForEncodings = 0;
			knownRegions = (
				en,
				Base,
			);
			mainGroup = A29C56442591BC2700A6CB42;
			productRefGroup = A29C564E2591BC2700A6CB42 /* Products */;
			projectDirPath = "";
			projectRoot = "";
			targets = (
				A29C564C2591BC2700A6CB42 /* concentrate */,
			);
		};
/* End PBXProject section */

/* Begin PBXResourcesBuildPhase section */
		A29C564B2591BC2700A6CB42 /* Resources */ = {
			isa = PBXResourcesBuildPhase;
			buildActionMask = 2147483647;
			files = (
				A29C565D2591BC2900A6CB42 /* LaunchScreen.storyboard in Resources */,
				A29C565A2591BC2900A6CB42 /* Assets.xcassets in Resources */,
				A29C56582591BC2700A6CB42 /* Main.storyboard in Resources */,
			);
			runOnlyForDeploymentPostprocessing = 0;
		};
/* End PBXResourcesBuildPhase section */

/* Begin PBXSourcesBuildPhase section */
		A29C56492591BC2700A6CB42 /* Sources */ = {
			isa = PBXSourcesBuildPhase;
			buildActionMask = 2147483647;
			files = (
				A29C56552591BC2700A6CB42 /* ViewController.swift in Sources */,
				A29C56512591BC2700A6CB42 /* AppDelegate.swift in Sources */,
				A29C56532591BC2700A6CB42 /* SceneDelegate.swift in Sources */,
				A29C566B2591C79400A6CB42 /* model.swift in Sources */,
			);
			runOnlyForDeploymentPostprocessing = 0;
		};
/* End PBXSourcesBuildPhase section */

/* Begin PBXVariantGroup section */
		A29C56562591BC2700A6CB42 /* Main.storyboard */ = {
			isa = PBXVariantGroup;
			children = (
				A29C56572591BC2700A6CB42 /* Base */,
			);
			name = Main.storyboard;
			sourceTree = "<group>";
		};
		A29C565B2591BC2900A6CB42 /* LaunchScreen.storyboard */ = {
			isa = PBXVariantGroup;
			children = (
				A29C565C2591BC2900A6CB42 /* Base */,
			);
			name = LaunchScreen.storyboard;
			sourceTree = "<group>";
		};
/* End PBXVariantGroup section */

/* Begin XCBuildConfiguration section */
		A29C565F2591BC2900A6CB42 /* Debug */ = {
			isa = XCBuildConfiguration;
			buildSettings = {
				ALWAYS_SEARCH_USER_PATHS = NO;
				CLANG_ANALYZER_NONNULL = YES;
				CLANG_ANALYZER_NUMBER_OBJECT_CONVERSION = YES_AGGRESSIVE;
				CLANG_CXX_LANGUAGE_STANDARD = "gnu++14";
				CLANG_CXX_LIBRARY = "libc++";
				CLANG_ENABLE_MODULES = YES;
				CLANG_ENABLE_OBJC_ARC = YES;
				CLANG_ENABLE_OBJC_WEAK = YES;
				CLANG_WARN_BLOCK_CAPTURE_AUTORELEASING = YES;
				CLANG_WARN_BOOL_CONVERSION = YES;
				CLANG_WARN_COMMA = YES;
				CLANG_WARN_CONSTANT_CONVERSION = YES;
				CLANG_WARN_DEPRECATED_OBJC_IMPLEMENTATIONS = YES;
				CLANG_WARN_DIRECT_OBJC_ISA_USAGE = YES_ERROR;
				CLANG_WARN_DOCUMENTATION_COMMENTS = YES;
				CLANG_WARN_EMPTY_BODY = YES;
				CLANG_WARN_ENUM_CONVERSION = YES;
				CLANG_WARN_INFINITE_RECURSION = YES;
				CLANG_WARN_INT_CONVERSION = YES;
				CLANG_WARN_NON_LITERAL_NULL_CONVERSION = YES;
				CLANG_WARN_OBJC_IMPLICIT_RETAIN_SELF = YES;
				CLANG_WARN_OBJC_LITERAL_CONVERSION = YES;
				CLANG_WARN_OBJC_ROOT_CLASS = YES_ERROR;
				CLANG_WARN_QUOTED_INCLUDE_IN_FRAMEWORK_HEADER = YES;
				CLANG_WARN_RANGE_LOOP_ANALYSIS = YES;
				CLANG_WARN_STRICT_PROTOTYPES = YES;
				CLANG_WARN_SUSPICIOUS_MOVE = YES;
				CLANG_WARN_UNGUARDED_AVAILABILITY = YES_AGGRESSIVE;
				CLANG_WARN_UNREACHABLE_CODE = YES;
				CLANG_WARN__DUPLICATE_METHOD_MATCH = YES;
				COPY_PHASE_STRIP = NO;
				DEBUG_INFORMATION_FORMAT = dwarf;
				ENABLE_STRICT_OBJC_MSGSEND = YES;
				ENABLE_TESTABILITY = YES;
				GCC_C_LANGUAGE_STANDARD = gnu11;
				GCC_DYNAMIC_NO_PIC = NO;
				GCC_NO_COMMON_BLOCKS = YES;
				GCC_OPTIMIZATION_LEVEL = 0;
				GCC_PREPROCESSOR_DEFINITIONS = (
					"DEBUG=1",
					"$(inherited)",
				);
				GCC_WARN_64_TO_32_BIT_CONVERSION = YES;
				GCC_WARN_ABOUT_RETURN_TYPE = YES_ERROR;
				GCC_WARN_UNDECLARED_SELECTOR = YES;
				GCC_WARN_UNINITIALIZED_AUTOS = YES_AGGRESSIVE;
				GCC_WARN_UNUSED_FUNCTION = YES;
				GCC_WARN_UNUSED_VARIABLE = YES;
				IPHONEOS_DEPLOYMENT_TARGET = 14.3;
				MTL_ENABLE_DEBUG_INFO = INCLUDE_SOURCE;
				MTL_FAST_MATH = YES;
				ONLY_ACTIVE_ARCH = YES;
				SDKROOT = iphoneos;
				SWIFT_ACTIVE_COMPILATION_CONDITIONS = DEBUG;
				SWIFT_OPTIMIZATION_LEVEL = "-Onone";
			};
			name = Debug;
		};
		A29C56602591BC2900A6CB42 /* Release */ = {
			isa = XCBuildConfiguration;
			buildSettings = {
				ALWAYS_SEARCH_USER_PATHS = NO;
				CLANG_ANALYZER_NONNULL = YES;
				CLANG_ANALYZER_NUMBER_OBJECT_CONVERSION = YES_AGGRESSIVE;
				CLANG_CXX_LANGUAGE_STANDARD = "gnu++14";
				CLANG_CXX_LIBRARY = "libc++";
				CLANG_ENABLE_MODULES = YES;
				CLANG_ENABLE_OBJC_ARC = YES;
				CLANG_ENABLE_OBJC_WEAK = YES;
				CLANG_WARN_BLOCK_CAPTURE_AUTORELEASING = YES;
				CLANG_WARN_BOOL_CONVERSION = YES;
				CLANG_WARN_COMMA = YES;
				CLANG_WARN_CONSTANT_CONVERSION = YES;
				CLANG_WARN_DEPRECATED_OBJC_IMPLEMENTATIONS = YES;
				CLANG_WARN_DIRECT_OBJC_ISA_USAGE = YES_ERROR;
				CLANG_WARN_DOCUMENTATION_COMMENTS = YES;
				CLANG_WARN_EMPTY_BODY = YES;
				CLANG_WARN_ENUM_CONVERSION = YES;
				CLANG_WARN_INFINITE_RECURSION = YES;
				CLANG_WARN_INT_CONVERSION = YES;
				CLANG_WARN_NON_LITERAL_NULL_CONVERSION = YES;
				CLANG_WARN_OBJC_IMPLICIT_RETAIN_SELF = YES;
				CLANG_WARN_OBJC_LITERAL_CONVERSION = YES;
				CLANG_WARN_OBJC_ROOT_CLASS = YES_ERROR;
				CLANG_WARN_QUOTED_INCLUDE_IN_FRAMEWORK_HEADER = YES;
				CLANG_WARN_RANGE_LOOP_ANALYSIS = YES;
				CLANG_WARN_STRICT_PROTOTYPES = YES;
				CLANG_WARN_SUSPICIOUS_MOVE = YES;
				CLANG_WARN_UNGUARDED_AVAILABILITY = YES_AGGRESSIVE;
				CLANG_WARN_UNREACHABLE_CODE = YES;
				CLANG_WARN__DUPLICATE_METHOD_MATCH = YES;
				COPY_PHASE_STRIP = NO;
				DEBUG_INFORMATION_FORMAT = "dwarf-with-dsym";
				ENABLE_NS_ASSERTIONS = NO;
				ENABLE_STRICT_OBJC_MSGSEND = YES;
				GCC_C_LANGUAGE_STANDARD = gnu11;
				GCC_NO_COMMON_BLOCKS = YES;
				GCC_WARN_64_TO_32_BIT_CONVERSION = YES;
				GCC_WARN_ABOUT_RETURN_TYPE = YES_ERROR;
				GCC_WARN_UNDECLARED_SELECTOR = YES;
				GCC_WARN_UNINITIALIZED_AUTOS = YES_AGGRESSIVE;
				GCC_WARN_UNUSED_FUNCTION = YES;
				GCC_WARN_UNUSED_VARIABLE = YES;
				IPHONEOS_DEPLOYMENT_TARGET = 14.3;
				MTL_ENABLE_DEBUG_INFO = NO;
				MTL_FAST_MATH = YES;
				SDKROOT = iphoneos;
				SWIFT_COMPILATION_MODE = wholemodule;
				SWIFT_OPTIMIZATION_LEVEL = "-O";
				VALIDATE_PRODUCT = YES;
			};
			name = Release;
		};
		A29C56622591BC2900A6CB42 /* Debug */ = {
			isa = XCBuildConfiguration;
			buildSettings = {
				ASSETCATALOG_COMPILER_APPICON_NAME = AppIcon;
				ASSETCATALOG_COMPILER_GLOBAL_ACCENT_COLOR_NAME = AccentColor;
				CODE_SIGN_STYLE = Automatic;
				DEVELOPMENT_TEAM = 89R7N92L7F;
				INFOPLIST_FILE = concentrate/Info.plist;
				LD_RUNPATH_SEARCH_PATHS = (
					"$(inherited)",
					"@executable_path/Frameworks",
				);
				PRODUCT_BUNDLE_IDENTIFIER = com.example.codesquad.concentrate;
				PRODUCT_NAME = "$(TARGET_NAME)";
				SWIFT_VERSION = 5.0;
				TARGETED_DEVICE_FAMILY = "1,2";
			};
			name = Debug;
		};
		A29C56632591BC2900A6CB42 /* Release */ = {
			isa = XCBuildConfiguration;
			buildSettings = {
				ASSETCATALOG_COMPILER_APPICON_NAME = AppIcon;
				ASSETCATALOG_COMPILER_GLOBAL_ACCENT_COLOR_NAME = AccentColor;
				CODE_SIGN_STYLE = Automatic;
				DEVELOPMENT_TEAM = 89R7N92L7F;
				INFOPLIST_FILE = concentrate/Info.plist;
				LD_RUNPATH_SEARCH_PATHS = (
					"$(inherited)",
					"@executable_path/Frameworks",
				);
				PRODUCT_BUNDLE_IDENTIFIER = com.example.codesquad.concentrate;
				PRODUCT_NAME = "$(TARGET_NAME)";
				SWIFT_VERSION = 5.0;
				TARGETED_DEVICE_FAMILY = "1,2";
			};
			name = Release;
		};
/* End XCBuildConfiguration section */

/* Begin XCConfigurationList section */
		A29C56482591BC2700A6CB42 /* Build configuration list for PBXProject "concentrate" */ = {
			isa = XCConfigurationList;
			buildConfigurations = (
				A29C565F2591BC2900A6CB42 /* Debug */,
				A29C56602591BC2900A6CB42 /* Release */,
			);
			defaultConfigurationIsVisible = 0;
			defaultConfigurationName = Release;
		};
		A29C56612591BC2900A6CB42 /* Build configuration list for PBXNativeTarget "concentrate" */ = {
			isa = XCConfigurationList;
			buildConfigurations = (
				A29C56622591BC2900A6CB42 /* Debug */,
				A29C56632591BC2900A6CB42 /* Release */,
			);
			defaultConfigurationIsVisible = 0;
			defaultConfigurationName = Release;
		};
/* End XCConfigurationList section */
	};
	rootObject = A29C56452591BC2700A6CB42 /* Project object */;
}
